
Microsoft Visual Studio Solution File, Format Version 12.00
# Visual Studio 15
VisualStudioVersion = 15.0.28307.757
MinimumVisualStudioVersion = 10.0.40219.1
Project("{2150E333-8FDC-42A3-9474-1A3956D46DE8}") = "src", "src", "{5BDF25C3-B4B1-4A21-ADE0-7506F9F924AC}"
EndProject
Project("{9A19103F-16F7-4668-BE54-9A1E7A4F7556}") = "gRpcChat", "src\gRpcChat\gRpcChat.csproj", "{611E6911-1C4E-4C8C-81A4-8744B9DA3606}"
EndProject
Project("{9A19103F-16F7-4668-BE54-9A1E7A4F7556}") = "gRpcChat.Server", "src\gRpcChat.Server\gRpcChat.Server.csproj", "{1AA7586F-C1AA-4871-8FFF-8A7687E3DEB3}"
EndProject
Project("{9A19103F-16F7-4668-BE54-9A1E7A4F7556}") = "gRpcChat.Client", "src\gRpcChat.Client\gRpcChat.Client.csproj", "{0604BDF7-649D-4A31-AD5F-D3C29E5039AB}"
EndProject
Project("{9A19103F-16F7-4668-BE54-9A1E7A4F7556}") = "Chater1", "sample\Chater1\Chater1.csproj", "{1FFBCDDD-F8F8-4B73-906E-1E34E088FB76}"
EndProject
Project("{2150E333-8FDC-42A3-9474-1A3956D46DE8}") = "sample", "sample", "{1A610C30-DBB5-4B9D-9089-A59B97DBB64B}"
EndProject
Project("{9A19103F-16F7-4668-BE54-9A1E7A4F7556}") = "Chater2", "sample\Chater2\Chater2.csproj", "{0C6F0655-3F0C-4AC7-98BD-78D1D3150F3C}"
EndProject
Project("{FAE04EC0-301F-11D3-BF4B-00C04F79EFBC}") = "Chater3", "sample\Chater3\Chater3.csproj", "{C995AE97-087F-4685-85AE-A30BC893D96B}"
EndProject
Project("{FAE04EC0-301F-11D3-BF4B-00C04F79EFBC}") = "Chater4", "sample\Chater4\Chater4.csproj", "{C0ECC7F6-0E02-4499-9209-064355B3D3DD}"
EndProject
Global
	GlobalSection(SolutionConfigurationPlatforms) = preSolution
		Debug|Any CPU = Debug|Any CPU
		Release|Any CPU = Release|Any CPU
	EndGlobalSection
	GlobalSection(ProjectConfigurationPlatforms) = postSolution
		{611E6911-1C4E-4C8C-81A4-8744B9DA3606}.Debug|Any CPU.ActiveCfg = Debug|Any CPU
		{611E6911-1C4E-4C8C-81A4-8744B9DA3606}.Debug|Any CPU.Build.0 = Debug|Any CPU
		{611E6911-1C4E-4C8C-81A4-8744B9DA3606}.Release|Any CPU.ActiveCfg = Release|Any CPU
		{611E6911-1C4E-4C8C-81A4-8744B9DA3606}.Release|Any CPU.Build.0 = Release|Any CPU
		{1AA7586F-C1AA-4871-8FFF-8A7687E3DEB3}.Debug|Any CPU.ActiveCfg = Debug|Any CPU
		{1AA7586F-C1AA-4871-8FFF-8A7687E3DEB3}.Debug|Any CPU.Build.0 = Debug|Any CPU
		{1AA7586F-C1AA-4871-8FFF-8A7687E3DEB3}.Release|Any CPU.ActiveCfg = Release|Any CPU
		{1AA7586F-C1AA-4871-8FFF-8A7687E3DEB3}.Release|Any CPU.Build.0 = Release|Any CPU
		{0604BDF7-649D-4A31-AD5F-D3C29E5039AB}.Debug|Any CPU.ActiveCfg = Debug|Any CPU
		{0604BDF7-649D-4A31-AD5F-D3C29E5039AB}.Debug|Any CPU.Build.0 = Debug|Any CPU
		{0604BDF7-649D-4A31-AD5F-D3C29E5039AB}.Release|Any CPU.ActiveCfg = Release|Any CPU
		{0604BDF7-649D-4A31-AD5F-D3C29E5039AB}.Release|Any CPU.Build.0 = Release|Any CPU
		{1FFBCDDD-F8F8-4B73-906E-1E34E088FB76}.Debug|Any CPU.ActiveCfg = Debug|Any CPU
		{1FFBCDDD-F8F8-4B73-906E-1E34E088FB76}.Debug|Any CPU.Build.0 = Debug|Any CPU
		{1FFBCDDD-F8F8-4B73-906E-1E34E088FB76}.Release|Any CPU.ActiveCfg = Release|Any CPU
		{1FFBCDDD-F8F8-4B73-906E-1E34E088FB76}.Release|Any CPU.Build.0 = Release|Any CPU
		{0C6F0655-3F0C-4AC7-98BD-78D1D3150F3C}.Debug|Any CPU.ActiveCfg = Debug|Any CPU
		{0C6F0655-3F0C-4AC7-98BD-78D1D3150F3C}.Debug|Any CPU.Build.0 = Debug|Any CPU
		{0C6F0655-3F0C-4AC7-98BD-78D1D3150F3C}.Release|Any CPU.ActiveCfg = Release|Any CPU
		{0C6F0655-3F0C-4AC7-98BD-78D1D3150F3C}.Release|Any CPU.Build.0 = Release|Any CPU
		{C995AE97-087F-4685-85AE-A30BC893D96B}.Debug|Any CPU.ActiveCfg = Debug|Any CPU
		{C995AE97-087F-4685-85AE-A30BC893D96B}.Debug|Any CPU.Build.0 = Debug|Any CPU
		{C995AE97-087F-4685-85AE-A30BC893D96B}.Release|Any CPU.ActiveCfg = Release|Any CPU
		{C995AE97-087F-4685-85AE-A30BC893D96B}.Release|Any CPU.Build.0 = Release|Any CPU
		{C0ECC7F6-0E02-4499-9209-064355B3D3DD}.Debug|Any CPU.ActiveCfg = Debug|Any CPU
		{C0ECC7F6-0E02-4499-9209-064355B3D3DD}.Debug|Any CPU.Build.0 = Debug|Any CPU
		{C0ECC7F6-0E02-4499-9209-064355B3D3DD}.Release|Any CPU.ActiveCfg = Release|Any CPU
		{C0ECC7F6-0E02-4499-9209-064355B3D3DD}.Release|Any CPU.Build.0 = Release|Any CPU
	EndGlobalSection
	GlobalSection(SolutionProperties) = preSolution
		HideSolutionNode = FALSE
	EndGlobalSection
	GlobalSection(NestedProjects) = preSolution
		{611E6911-1C4E-4C8C-81A4-8744B9DA3606} = {5BDF25C3-B4B1-4A21-ADE0-7506F9F924AC}
		{1AA7586F-C1AA-4871-8FFF-8A7687E3DEB3} = {5BDF25C3-B4B1-4A21-ADE0-7506F9F924AC}
		{0604BDF7-649D-4A31-AD5F-D3C29E5039AB} = {5BDF25C3-B4B1-4A21-ADE0-7506F9F924AC}
		{1FFBCDDD-F8F8-4B73-906E-1E34E088FB76} = {1A610C30-DBB5-4B9D-9089-A59B97DBB64B}
		{0C6F0655-3F0C-4AC7-98BD-78D1D3150F3C} = {1A610C30-DBB5-4B9D-9089-A59B97DBB64B}
		{C995AE97-087F-4685-85AE-A30BC893D96B} = {1A610C30-DBB5-4B9D-9089-A59B97DBB64B}
		{C0ECC7F6-0E02-4499-9209-064355B3D3DD} = {1A610C30-DBB5-4B9D-9089-A59B97DBB64B}
	EndGlobalSection
	GlobalSection(ExtensibilityGlobals) = postSolution
		SolutionGuid = {D66E26F1-E3A5-439F-9C6E-5ED46277591A}
	EndGlobalSection
EndGlobal
